[[package]]
name = "atomicwrites"
version = "1.4.0"
description = "Atomic file writes."
category = "dev"
optional = false
python-versions = ">=2.7, !=3.0.*, !=3.1.*, !=3.2.*, !=3.3.*"

[[package]]
name = "attrs"
version = "21.2.0"
description = "Classes Without Boilerplate"
category = "main"
optional = false
python-versions = ">=2.7, !=3.0.*, !=3.1.*, !=3.2.*, !=3.3.*, !=3.4.*"

[package.extras]
dev = ["coverage[toml] (>=5.0.2)", "hypothesis", "pympler", "pytest (>=4.3.0)", "six", "mypy", "pytest-mypy-plugins", "zope.interface", "furo", "sphinx", "sphinx-notfound-page", "pre-commit"]
docs = ["furo", "sphinx", "zope.interface", "sphinx-notfound-page"]
tests = ["coverage[toml] (>=5.0.2)", "hypothesis", "pympler", "pytest (>=4.3.0)", "six", "mypy", "pytest-mypy-plugins", "zope.interface"]
tests_no_zope = ["coverage[toml] (>=5.0.2)", "hypothesis", "pympler", "pytest (>=4.3.0)", "six", "mypy", "pytest-mypy-plugins"]

[[package]]
name = "colorama"
version = "0.4.4"
description = "Cross-platform colored terminal text."
category = "dev"
optional = false
python-versions = ">=2.7, !=3.0.*, !=3.1.*, !=3.2.*, !=3.3.*, !=3.4.*"

[[package]]
name = "iniconfig"
version = "1.1.1"
description = "iniconfig: brain-dead simple config-ini parsing"
category = "dev"
optional = false
python-versions = "*"

[[package]]
name = "jsonschema"
version = "4.1.0"
description = "An implementation of JSON Schema validation for Python"
category = "main"
optional = false
python-versions = ">=3.7"

[package.dependencies]
attrs = ">=17.4.0"
pyrsistent = ">=0.14.0,<0.17.0 || >0.17.0,<0.17.1 || >0.17.1,<0.17.2 || >0.17.2"

[package.extras]
format = ["fqdn", "idna", "isoduration", "jsonpointer (>1.13)", "rfc3339-validator", "rfc3987", "uri-template", "webcolors (>=1.11)"]
format_nongpl = ["fqdn", "idna", "isoduration", "jsonpointer (>1.13)", "rfc3339-validator", "rfc3986-validator (>0.1.0)", "uri-template", "webcolors (>=1.11)"]

[[package]]
name = "packaging"
version = "21.0"
description = "Core utilities for Python packages"
category = "dev"
optional = false
python-versions = ">=3.6"

[package.dependencies]
pyparsing = ">=2.0.2"

[[package]]
name = "pluggy"
version = "1.0.0"
description = "plugin and hook calling mechanisms for python"
category = "dev"
optional = false
python-versions = ">=3.6"

[package.extras]
dev = ["pre-commit", "tox"]
testing = ["pytest", "pytest-benchmark"]

[[package]]
name = "py"
version = "1.10.0"
description = "library with cross-python path, ini-parsing, io, code, log facilities"
category = "dev"
optional = false
python-versions = ">=2.7, !=3.0.*, !=3.1.*, !=3.2.*, !=3.3.*"

[[package]]
name = "pyparsing"
version = "2.4.7"
description = "Python parsing module"
category = "dev"
optional = false
python-versions = ">=2.6, !=3.0.*, !=3.1.*, !=3.2.*"

[[package]]
name = "pyqt5"
version = "5.15.4"
description = "Python bindings for the Qt cross platform application toolkit"
category = "dev"
optional = false
python-versions = ">=3.6"

[package.dependencies]
PyQt5-Qt5 = ">=5.15"
PyQt5-sip = ">=12.8,<13"

[[package]]
name = "pyqt5-qt5"
version = "5.15.2"
description = "The subset of a Qt installation needed by PyQt5."
category = "dev"
optional = false
python-versions = "*"

[[package]]
name = "pyqt5-sip"
version = "12.9.0"
description = "The sip module support for PyQt5"
category = "dev"
optional = false
python-versions = ">=3.5"

[[package]]
name = "pyqt6"
version = "6.2.0"
description = "Python bindings for the Qt cross platform application toolkit"
category = "dev"
optional = false
python-versions = ">=3.6.1"

[package.dependencies]
PyQt6-Qt6 = ">=6.2.0"
PyQt6-sip = ">=13.1,<14"

[[package]]
name = "pyqt6-qt6"
version = "6.2.0"
description = "The subset of a Qt installation needed by PyQt6."
category = "dev"
optional = false
python-versions = "*"

[[package]]
name = "pyqt6-sip"
version = "13.1.0"
description = "The sip module support for PyQt6"
category = "dev"
optional = false
python-versions = ">=3.6"

[[package]]
name = "pyrsistent"
version = "0.18.0"
description = "Persistent/Functional/Immutable data structures"
category = "main"
optional = false
python-versions = ">=3.6"

[[package]]
name = "pytest"
version = "6.2.5"
description = "pytest: simple powerful testing with Python"
category = "dev"
optional = false
python-versions = ">=3.6"

[package.dependencies]
atomicwrites = {version = ">=1.0", markers = "sys_platform == \"win32\""}
attrs = ">=19.2.0"
colorama = {version = "*", markers = "sys_platform == \"win32\""}
iniconfig = "*"
packaging = "*"
pluggy = ">=0.12,<2.0"
py = ">=1.8.2"
toml = "*"

[package.extras]
testing = ["argcomplete", "hypothesis (>=3.56)", "mock", "nose", "requests", "xmlschema"]

[[package]]
name = "pytest-datafiles"
version = "2.0"
description = "py.test plugin to create a 'tmpdir' containing predefined files/directories."
category = "dev"
optional = false
python-versions = "*"

[package.dependencies]
py = "*"
pytest = ">=3.6"

[[package]]
name = "toml"
version = "0.10.2"
description = "Python Library for Tom's Obvious, Minimal Language"
category = "dev"
optional = false
python-versions = ">=2.6, !=3.0.*, !=3.1.*, !=3.2.*"

[extras]
qt5 = []
qt6 = []

[metadata]
lock-version = "1.1"
python-versions = "^3.8"
content-hash = "6a89e61771eac4dcf39ad7e1323214cb8a4c824c4d944da14e5a10d51e010303"

[metadata.files]
atomicwrites = [
    {file = "atomicwrites-1.4.0-py2.py3-none-any.whl", hash = "sha256:6d1784dea7c0c8d4a5172b6c620f40b6e4cbfdf96d783691f2e1302a7b88e197"},
    {file = "atomicwrites-1.4.0.tar.gz", hash = "sha256:ae70396ad1a434f9c7046fd2dd196fc04b12f9e91ffb859164193be8b6168a7a"},
]
attrs = [
    {file = "attrs-21.2.0-py2.py3-none-any.whl", hash = "sha256:149e90d6d8ac20db7a955ad60cf0e6881a3f20d37096140088356da6c716b0b1"},
    {file = "attrs-21.2.0.tar.gz", hash = "sha256:ef6aaac3ca6cd92904cdd0d83f629a15f18053ec84e6432106f7a4d04ae4f5fb"},
]
colorama = [
    {file = "colorama-0.4.4-py2.py3-none-any.whl", hash = "sha256:9f47eda37229f68eee03b24b9748937c7dc3868f906e8ba69fbcbdd3bc5dc3e2"},
    {file = "colorama-0.4.4.tar.gz", hash = "sha256:5941b2b48a20143d2267e95b1c2a7603ce057ee39fd88e7329b0c292aa16869b"},
]
iniconfig = [
    {file = "iniconfig-1.1.1-py2.py3-none-any.whl", hash = "sha256:011e24c64b7f47f6ebd835bb12a743f2fbe9a26d4cecaa7f53bc4f35ee9da8b3"},
    {file = "iniconfig-1.1.1.tar.gz", hash = "sha256:bc3af051d7d14b2ee5ef9969666def0cd1a000e121eaea580d4a313df4b37f32"},
]
jsonschema = [
    {file = "jsonschema-4.1.0-py3-none-any.whl", hash = "sha256:2b3cca28580511d44326f0e7fc582eab3cbe31aabd1a1c2cfa74a399796ffd84"},
    {file = "jsonschema-4.1.0.tar.gz", hash = "sha256:9dd7c33b4a96138dc37bb86b3610d3b12d30d96433d4d73435ca3025804154a8"},
]
packaging = [
    {file = "packaging-21.0-py3-none-any.whl", hash = "sha256:c86254f9220d55e31cc94d69bade760f0847da8000def4dfe1c6b872fd14ff14"},
    {file = "packaging-21.0.tar.gz", hash = "sha256:7dc96269f53a4ccec5c0670940a4281106dd0bb343f47b7471f779df49c2fbe7"},
]
pluggy = [
    {file = "pluggy-1.0.0-py2.py3-none-any.whl", hash = "sha256:74134bbf457f031a36d68416e1509f34bd5ccc019f0bcc952c7b909d06b37bd3"},
    {file = "pluggy-1.0.0.tar.gz", hash = "sha256:4224373bacce55f955a878bf9cfa763c1e360858e330072059e10bad68531159"},
]
py = [
    {file = "py-1.10.0-py2.py3-none-any.whl", hash = "sha256:3b80836aa6d1feeaa108e046da6423ab8f6ceda6468545ae8d02d9d58d18818a"},
    {file = "py-1.10.0.tar.gz", hash = "sha256:21b81bda15b66ef5e1a777a21c4dcd9c20ad3efd0b3f817e7a809035269e1bd3"},
]
pyparsing = [
    {file = "pyparsing-2.4.7-py2.py3-none-any.whl", hash = "sha256:ef9d7589ef3c200abe66653d3f1ab1033c3c419ae9b9bdb1240a85b024efc88b"},
    {file = "pyparsing-2.4.7.tar.gz", hash = "sha256:c203ec8783bf771a155b207279b9bccb8dea02d8f0c9e5f8ead507bc3246ecc1"},
]
pyqt5 = [
    {file = "PyQt5-5.15.4-cp36.cp37.cp38.cp39-abi3-macosx_10_13_intel.whl", hash = "sha256:8c0848ba790a895801d5bfd171da31cad3e551dbcc4e59677a3b622de2ceca98"},
    {file = "PyQt5-5.15.4-cp36.cp37.cp38.cp39-abi3-manylinux2014_x86_64.whl", hash = "sha256:883a549382fc22d29a0568f3ef20b38c8e7ab633a59498ac4eb63a3bf36d3fd3"},
    {file = "PyQt5-5.15.4-cp36.cp37.cp38.cp39-none-win32.whl", hash = "sha256:a88526a271e846e44779bb9ad7a738c6d3c4a9d01e15a128ecfc6dd4696393b7"},
    {file = "PyQt5-5.15.4-cp36.cp37.cp38.cp39-none-win_amd64.whl", hash = "sha256:213bebd51821ed89b4d5b35bb10dbe67564228b3568f463a351a08e8b1677025"},
    {file = "PyQt5-5.15.4.tar.gz", hash = "sha256:2a69597e0dd11caabe75fae133feca66387819fc9bc050f547e5551bce97e5be"},
]
pyqt5-qt5 = [
    {file = "PyQt5_Qt5-5.15.2-py3-none-macosx_10_13_intel.whl", hash = "sha256:76980cd3d7ae87e3c7a33bfebfaee84448fd650bad6840471d6cae199b56e154"},
    {file = "PyQt5_Qt5-5.15.2-py3-none-manylinux2014_x86_64.whl", hash = "sha256:1988f364ec8caf87a6ee5d5a3a5210d57539988bf8e84714c7d60972692e2f4a"},
    {file = "PyQt5_Qt5-5.15.2-py3-none-win32.whl", hash = "sha256:9cc7a768b1921f4b982ebc00a318ccb38578e44e45316c7a4a850e953e1dd327"},
    {file = "PyQt5_Qt5-5.15.2-py3-none-win_amd64.whl", hash = "sha256:750b78e4dba6bdf1607febedc08738e318ea09e9b10aea9ff0d73073f11f6962"},
]
pyqt5-sip = [
    {file = "PyQt5_sip-12.9.0-cp36-cp36m-macosx_10_6_intel.whl", hash = "sha256:d85002238b5180bce4b245c13d6face848faa1a7a9e5c6e292025004f2fd619a"},
    {file = "PyQt5_sip-12.9.0-cp36-cp36m-manylinux1_x86_64.whl", hash = "sha256:83c3220b1ca36eb8623ba2eb3766637b19eb0ce9f42336ad8253656d32750c0a"},
    {file = "PyQt5_sip-12.9.0-cp36-cp36m-win32.whl", hash = "sha256:d8b2bdff7bbf45bc975c113a03b14fd669dc0c73e1327f02706666a7dd51a197"},
    {file = "PyQt5_sip-12.9.0-cp36-cp36m-win_amd64.whl", hash = "sha256:69a3ad4259172e2b1aa9060de211efac39ddd734a517b1924d9c6c0cc4f55f96"},
    {file = "PyQt5_sip-12.9.0-cp37-cp37m-macosx_10_9_x86_64.whl", hash = "sha256:42274a501ab4806d2c31659170db14c282b8313d2255458064666d9e70d96206"},
    {file = "PyQt5_sip-12.9.0-cp37-cp37m-manylinux1_x86_64.whl", hash = "sha256:6a8701892a01a5a2a4720872361197cc80fdd5f49c8482d488ddf38c9c84f055"},
    {file = "PyQt5_sip-12.9.0-cp37-cp37m-win32.whl", hash = "sha256:ac57d796c78117eb39edd1d1d1aea90354651efac9d3590aac67fa4983f99f1f"},
    {file = "PyQt5_sip-12.9.0-cp37-cp37m-win_amd64.whl", hash = "sha256:4347bd81d30c8e3181e553b3734f91658cfbdd8f1a19f254777f906870974e6d"},
    {file = "PyQt5_sip-12.9.0-cp38-cp38-macosx_10_9_x86_64.whl", hash = "sha256:c446971c360a0a1030282a69375a08c78e8a61d568bfd6dab3dcc5cf8817f644"},
    {file = "PyQt5_sip-12.9.0-cp38-cp38-manylinux1_x86_64.whl", hash = "sha256:fc43f2d7c438517ee33e929e8ae77132749c15909afab6aeece5fcf4147ffdb5"},
    {file = "PyQt5_sip-12.9.0-cp38-cp38-win32.whl", hash = "sha256:055581c6fed44ba4302b70eeb82e979ff70400037358908f251cd85cbb3dbd93"},
    {file = "PyQt5_sip-12.9.0-cp38-cp38-win_amd64.whl", hash = "sha256:c5216403d4d8d857ec4a61f631d3945e44fa248aa2415e9ee9369ab7c8a4d0c7"},
    {file = "PyQt5_sip-12.9.0-cp39-cp39-macosx_10_9_x86_64.whl", hash = "sha256:a25b9843c7da6a1608f310879c38e6434331aab1dc2fe6cb65c14f1ecf33780e"},
    {file = "PyQt5_sip-12.9.0-cp39-cp39-manylinux1_x86_64.whl", hash = "sha256:dd05c768c2b55ffe56a9d49ce6cc77cdf3d53dbfad935258a9e347cbfd9a5850"},
    {file = "PyQt5_sip-12.9.0-cp39-cp39-win32.whl", hash = "sha256:4f8e05fe01d54275877c59018d8e82dcdd0bc5696053a8b830eecea3ce806121"},
    {file = "PyQt5_sip-12.9.0-cp39-cp39-win_amd64.whl", hash = "sha256:b09f4cd36a4831229fb77c424d89635fa937d97765ec90685e2f257e56a2685a"},
    {file = "PyQt5_sip-12.9.0.tar.gz", hash = "sha256:d3e4489d7c2b0ece9d203ae66e573939f7f60d4d29e089c9f11daa17cfeaae32"},
]
pyqt6 = [
    {file = "PyQt6-6.2.0-cp36-abi3-macosx_10_14_universal2.whl", hash = "sha256:8d883b66d2b902862b90ff51696e408aa618f1e4e9d392c98f13925b5983068b"},
    {file = "PyQt6-6.2.0-cp36-abi3-manylinux_2_28_x86_64.whl", hash = "sha256:c43f4bb7dbe58b262b88da137de54a140091a5273b3333406a76507551c34321"},
    {file = "PyQt6-6.2.0-cp36-abi3-win_amd64.whl", hash = "sha256:ea4c1502214eed9090937f46ed33aca054ddc46240d6c5ce09886d1d6886b50e"},
    {file = "PyQt6-6.2.0.tar.gz", hash = "sha256:142ce7fa574d7ebb13fb0a2ebd18c86087c35829f786c094a71a0749155d8fee"},
]
pyqt6-qt6 = [
    {file = "PyQt6_Qt6-6.2.0-py3-none-macosx_10_14_arm64.whl", hash = "sha256:ed1f73e40deddadb10781ddc40672e14c2e7309ca389263c081ed702267451c7"},
    {file = "PyQt6_Qt6-6.2.0-py3-none-macosx_10_14_intel.whl", hash = "sha256:7749e44ab5ca98aba766b283bcd08ebeb0ffb09e427efc7beac0c571525f3c5e"},
    {file = "PyQt6_Qt6-6.2.0-py3-none-manylinux_2_28_x86_64.whl", hash = "sha256:c0d4c1b1b7bd0c9f21a6284d6aa53c041cb36dc464acb403cbe1bc8845090d30"},
    {file = "PyQt6_Qt6-6.2.0-py3-none-win_amd64.whl", hash = "sha256:806dc7289614f08e1fa28ac5abbbbf2d61305a416b8183045b9c535321c7309c"},
]
pyqt6-sip = [
    {file = "PyQt6_sip-13.1.0-cp310-cp310-macosx_10_9_universal2.whl", hash = "sha256:cbc4ee1997c029d84c2f5ac8ab10089943d93e7b5eb9399a967b93969127c61d"},
    {file = "PyQt6_sip-13.1.0-cp310-cp310-manylinux1_x86_64.whl", hash = "sha256:c6e1864f0018bb2e27a42a32018fe298790bac1e835bc2a699f341b51c884e7b"},
    {file = "PyQt6_sip-13.1.0-cp310-cp310-win_amd64.whl", hash = "sha256:d286186990c2180d2b631660b5eaee202bbba031b87b73272d7b7c2ae1c4d001"},
    {file = "PyQt6_sip-13.1.0-cp36-cp36m-macosx_10_6_intel.whl", hash = "sha256:f591414ea4e3029a4873286496b6685d6a260249f0375657c1043e4db5a5514c"},
    {file = "PyQt6_sip-13.1.0-cp36-cp36m-manylinux1_x86_64.whl", hash = "sha256:04c5f6dd0c5be27f27be286e500cf1dd718b9e00b735b88b5e2ada74d86326e6"},
    {file = "PyQt6_sip-13.1.0-cp36-cp36m-win_amd64.whl", hash = "sha256:1afbba8d83a55164e150e04f8ed52a3a5292a347ddaecbc6f0b819fadccdb176"},
    {file = "PyQt6_sip-13.1.0-cp37-cp37m-macosx_10_9_x86_64.whl", hash = "sha256:a892f66d506a7adc40c03d95ef54c152614f32c2975f534cd9deb44ca94d1124"},
    {file = "PyQt6_sip-13.1.0-cp37-cp37m-manylinux1_x86_64.whl", hash = "sha256:48fab3bc4121d77c081102ad074f63deeae4736b1a88dd19fe05364421f28376"},
    {file = "PyQt6_sip-13.1.0-cp37-cp37m-win_amd64.whl", hash = "sha256:5d5001c1ed83b0b9946f5a2b9a9b27f9631dc6613306f88f3946437205d176be"},
    {file = "PyQt6_sip-13.1.0-cp38-cp38-macosx_10_9_x86_64.whl", hash = "sha256:ee7e635aadc3d3baaeb8ec509e562d7d6cc5c6d738cb874186f076742a2aec27"},
    {file = "PyQt6_sip-13.1.0-cp38-cp38-manylinux1_x86_64.whl", hash = "sha256:c6d017380c0a3e8ef94f6eecc119a056ec3e6f71c9c5b7957a1c2dc51007901f"},
    {file = "PyQt6_sip-13.1.0-cp38-cp38-win_amd64.whl", hash = "sha256:da4742ad9a983dd384a28d743dd14c47de4842ab476c90a36e8f261998cf83ec"},
    {file = "PyQt6_sip-13.1.0-cp39-cp39-macosx_10_9_x86_64.whl", hash = "sha256:f36c6c73137b835024f0bcefe17b74a1fcacd759ebf1a01460f353ced1c34a30"},
    {file = "PyQt6_sip-13.1.0-cp39-cp39-manylinux1_x86_64.whl", hash = "sha256:c20fdbc8f50052242c84680d9cf1580dd815b2d55ae73e71885864b0320b3585"},
    {file = "PyQt6_sip-13.1.0-cp39-cp39-win_amd64.whl", hash = "sha256:6f0c3fa80b81bb28701772b9d89e11fe3677591048b18d50224bea0138063597"},
    {file = "PyQt6_sip-13.1.0.tar.gz", hash = "sha256:7c31073fe8e6cb8a42e85d60d3a096700a9047c772b354d6227dfe965566ec8a"},
]
pyrsistent = [
    {file = "pyrsistent-0.18.0-cp36-cp36m-macosx_10_9_x86_64.whl", hash = "sha256:f4c8cabb46ff8e5d61f56a037974228e978f26bfefce4f61a4b1ac0ba7a2ab72"},
    {file = "pyrsistent-0.18.0-cp36-cp36m-manylinux1_i686.whl", hash = "sha256:da6e5e818d18459fa46fac0a4a4e543507fe1110e808101277c5a2b5bab0cd2d"},
    {file = "pyrsistent-0.18.0-cp36-cp36m-manylinux1_x86_64.whl", hash = "sha256:5e4395bbf841693eaebaa5bb5c8f5cdbb1d139e07c975c682ec4e4f8126e03d2"},
    {file = "pyrsistent-0.18.0-cp36-cp36m-win32.whl", hash = "sha256:527be2bfa8dc80f6f8ddd65242ba476a6c4fb4e3aedbf281dfbac1b1ed4165b1"},
    {file = "pyrsistent-0.18.0-cp36-cp36m-win_amd64.whl", hash = "sha256:2aaf19dc8ce517a8653746d98e962ef480ff34b6bc563fc067be6401ffb457c7"},
    {file = "pyrsistent-0.18.0-cp37-cp37m-macosx_10_9_x86_64.whl", hash = "sha256:58a70d93fb79dc585b21f9d72487b929a6fe58da0754fa4cb9f279bb92369396"},
    {file = "pyrsistent-0.18.0-cp37-cp37m-manylinux1_i686.whl", hash = "sha256:4916c10896721e472ee12c95cdc2891ce5890898d2f9907b1b4ae0f53588b710"},
    {file = "pyrsistent-0.18.0-cp37-cp37m-manylinux1_x86_64.whl", hash = "sha256:73ff61b1411e3fb0ba144b8f08d6749749775fe89688093e1efef9839d2dcc35"},
    {file = "pyrsistent-0.18.0-cp37-cp37m-win32.whl", hash = "sha256:b29b869cf58412ca5738d23691e96d8aff535e17390128a1a52717c9a109da4f"},
    {file = "pyrsistent-0.18.0-cp37-cp37m-win_amd64.whl", hash = "sha256:097b96f129dd36a8c9e33594e7ebb151b1515eb52cceb08474c10a5479e799f2"},
    {file = "pyrsistent-0.18.0-cp38-cp38-macosx_10_9_x86_64.whl", hash = "sha256:772e94c2c6864f2cd2ffbe58bb3bdefbe2a32afa0acb1a77e472aac831f83427"},
    {file = "pyrsistent-0.18.0-cp38-cp38-manylinux1_i686.whl", hash = "sha256:c1a9ff320fa699337e05edcaae79ef8c2880b52720bc031b219e5b5008ebbdef"},
    {file = "pyrsistent-0.18.0-cp38-cp38-manylinux1_x86_64.whl", hash = "sha256:cd3caef37a415fd0dae6148a1b6957a8c5f275a62cca02e18474608cb263640c"},
    {file = "pyrsistent-0.18.0-cp38-cp38-win32.whl", hash = "sha256:e79d94ca58fcafef6395f6352383fa1a76922268fa02caa2272fff501c2fdc78"},
    {file = "pyrsistent-0.18.0-cp38-cp38-win_amd64.whl", hash = "sha256:a0c772d791c38bbc77be659af29bb14c38ced151433592e326361610250c605b"},
    {file = "pyrsistent-0.18.0-cp39-cp39-macosx_10_9_x86_64.whl", hash = "sha256:d5ec194c9c573aafaceebf05fc400656722793dac57f254cd4741f3c27ae57b4"},
    {file = "pyrsistent-0.18.0-cp39-cp39-manylinux1_i686.whl", hash = "sha256:6b5eed00e597b5b5773b4ca30bd48a5774ef1e96f2a45d105db5b4ebb4bca680"},
    {file = "pyrsistent-0.18.0-cp39-cp39-manylinux1_x86_64.whl", hash = "sha256:48578680353f41dca1ca3dc48629fb77dfc745128b56fc01096b2530c13fd426"},
    {file = "pyrsistent-0.18.0-cp39-cp39-win32.whl", hash = "sha256:f3ef98d7b76da5eb19c37fda834d50262ff9167c65658d1d8f974d2e4d90676b"},
    {file = "pyrsistent-0.18.0-cp39-cp39-win_amd64.whl", hash = "sha256:404e1f1d254d314d55adb8d87f4f465c8693d6f902f67eb6ef5b4526dc58e6ea"},
    {file = "pyrsistent-0.18.0.tar.gz", hash = "sha256:773c781216f8c2900b42a7b638d5b517bb134ae1acbebe4d1e8f1f41ea60eb4b"},
]
pytest = [
    {file = "pytest-6.2.5-py3-none-any.whl", hash = "sha256:7310f8d27bc79ced999e760ca304d69f6ba6c6649c0b60fb0e04a4a77cacc134"},
    {file = "pytest-6.2.5.tar.gz", hash = "sha256:131b36680866a76e6781d13f101efb86cf674ebb9762eb70d3082b6f29889e89"},
]
pytest-datafiles = [
    {file = "pytest-datafiles-2.0.tar.gz", hash = "sha256:143329cbb1dbbb07af24f88fa4668e2f59ce233696cf12c49fd1c98d1756dbf9"},
    {file = "pytest_datafiles-2.0-py2.py3-none-any.whl", hash = "sha256:e349b6ad7bcca111f3677b7201d3ca81f93b5e09dcfae8ee2be2c3cae9f55bc7"},
]
toml = [
    {file = "toml-0.10.2-py2.py3-none-any.whl", hash = "sha256:806143ae5bfb6a3c6e736a764057db0e6a0e05e338b5630894a5f779cabb4f9b"},
    {file = "toml-0.10.2.tar.gz", hash = "sha256:b3bda1d108d5dd99f4a20d24d9c348e91c4db7ab1b749200bded2f839ccbe68f"},
]
